// !$*UTF8*$!
{
	archiveVersion = 1;
	classes = {
	};
	objectVersion = 46;
	objects = {

/* Begin PBXFileReference section */
		431E6F1616A6EACD004177CC /* thesans_plain-webfont.eot */ = {isa = PBXFileReference; lastKnownFileType = file; path = "thesans_plain-webfont.eot"; sourceTree = "<group>"; };
		431E6F1716A6EACD004177CC /* thesans_plain-webfont.svg */ = {isa = PBXFileReference; fileEncoding = 4; lastKnownFileType = text.xml; path = "thesans_plain-webfont.svg"; sourceTree = "<group>"; };
		431E6F1816A6EACD004177CC /* thesans_plain-webfont.ttf */ = {isa = PBXFileReference; lastKnownFileType = file; path = "thesans_plain-webfont.ttf"; sourceTree = "<group>"; };
		431E6F1916A6EACD004177CC /* thesans_plain-webfont.woff */ = {isa = PBXFileReference; lastKnownFileType = file; path = "thesans_plain-webfont.woff"; sourceTree = "<group>"; };
		431E6F1C16A6FD02004177CC /* avatares-INTRO.png */ = {isa = PBXFileReference; lastKnownFileType = image.png; path = "avatares-INTRO.png"; sourceTree = "<group>"; };
		431E6F1D16A6FD02004177CC /* background.gif */ = {isa = PBXFileReference; lastKnownFileType = image.gif; path = background.gif; sourceTree = "<group>"; };
		431E6F1E16A6FD02004177CC /* bg_silouette-01CAMP.png */ = {isa = PBXFileReference; lastKnownFileType = image.png; path = "bg_silouette-01CAMP.png"; sourceTree = "<group>"; };
		431E6F1F16A6FD02004177CC /* bg_silouette-02LAB.png */ = {isa = PBXFileReference; lastKnownFileType = image.png; path = "bg_silouette-02LAB.png"; sourceTree = "<group>"; };
		431E6F2016A6FD02004177CC /* logo_Pacific.png */ = {isa = PBXFileReference; lastKnownFileType = image.png; path = logo_Pacific.png; sourceTree = "<group>"; };
		431E6F2116A6FD02004177CC /* PREicon.ico */ = {isa = PBXFileReference; lastKnownFileType = image.ico; path = PREicon.ico; sourceTree = "<group>"; };
		431E6F2216A6FD02004177CC /* PREicon.jpg */ = {isa = PBXFileReference; lastKnownFileType = image.jpeg; path = PREicon.jpg; sourceTree = "<group>"; };
		4322A172169F4A3900CDA646 /* create_backup_on_sandbox.sh */ = {isa = PBXFileReference; fileEncoding = 4; lastKnownFileType = text.script.sh; path = create_backup_on_sandbox.sh; sourceTree = "<group>"; };
		4322A173169F4A3900CDA646 /* fetch_sandobx_db.sh */ = {isa = PBXFileReference; fileEncoding = 4; lastKnownFileType = text.script.sh; path = fetch_sandobx_db.sh; sourceTree = "<group>"; };
		4322A175169F4A3900CDA646 /* run_django_on_sandbox.sh */ = {isa = PBXFileReference; fileEncoding = 4; lastKnownFileType = text.script.sh; path = run_django_on_sandbox.sh; sourceTree = "<group>"; };
		433BADB2169CD0560083E268 /* scrollableslider.js */ = {isa = PBXFileReference; fileEncoding = 4; lastKnownFileType = sourcecode.javascript; path = scrollableslider.js; sourceTree = "<group>"; };
		435B443A16D3C94900C8AAD1 /* timeline.js */ = {isa = PBXFileReference; fileEncoding = 4; lastKnownFileType = sourcecode.javascript; path = timeline.js; sourceTree = "<group>"; };
		43B47175166903B9003EB0DC /* 01_setup_heroku.sh */ = {isa = PBXFileReference; fileEncoding = 4; lastKnownFileType = text.script.sh; path = 01_setup_heroku.sh; sourceTree = "<group>"; };
		43B47176166903B9003EB0DC /* 02_fix_local_keys.sh */ = {isa = PBXFileReference; fileEncoding = 4; lastKnownFileType = text.script.sh; path = 02_fix_local_keys.sh; sourceTree = "<group>"; };
		43B47177166903B9003EB0DC /* 03_fix_heroku_aws_keyx.sh */ = {isa = PBXFileReference; fileEncoding = 4; lastKnownFileType = text.script.sh; path = 03_fix_heroku_aws_keyx.sh; sourceTree = "<group>"; };
		43B47178166903B9003EB0DC /* download_and_restore_heroku_backup.sh */ = {isa = PBXFileReference; fileEncoding = 4; lastKnownFileType = text.script.sh; path = download_and_restore_heroku_backup.sh; sourceTree = "<group>"; };
		43B47179166903B9003EB0DC /* setup_heroku_backups.sh */ = {isa = PBXFileReference; fileEncoding = 4; lastKnownFileType = text.script.sh; path = setup_heroku_backups.sh; sourceTree = "<group>"; };
		43B4717B166903B9003EB0DC /* __init__.py */ = {isa = PBXFileReference; fileEncoding = 4; lastKnownFileType = text.script.python; path = __init__.py; sourceTree = "<group>"; };
		43B4717C166903B9003EB0DC /* settings.py */ = {isa = PBXFileReference; fileEncoding = 4; lastKnownFileType = text.script.python; path = settings.py; sourceTree = "<group>"; };
		43B4717E166903B9003EB0DC /* urls.py */ = {isa = PBXFileReference; fileEncoding = 4; lastKnownFileType = text.script.python; path = urls.py; sourceTree = "<group>"; };
		43B4717F166903B9003EB0DC /* wsgi.py */ = {isa = PBXFileReference; fileEncoding = 4; lastKnownFileType = text.script.python; path = wsgi.py; sourceTree = "<group>"; };
		43B47181166903B9003EB0DC /* __init__.py */ = {isa = PBXFileReference; fileEncoding = 4; lastKnownFileType = text.script.python; path = __init__.py; sourceTree = "<group>"; };
		43B47182166903B9003EB0DC /* admin.py */ = {isa = PBXFileReference; fileEncoding = 4; lastKnownFileType = text.script.python; path = admin.py; sourceTree = "<group>"; };
		43B47183166903B9003EB0DC /* models.py */ = {isa = PBXFileReference; fileEncoding = 4; lastKnownFileType = text.script.python; path = models.py; sourceTree = "<group>"; };
		43B47188166903B9003EB0DC /* bootstrap-responsive.css */ = {isa = PBXFileReference; fileEncoding = 4; lastKnownFileType = text.css; path = "bootstrap-responsive.css"; sourceTree = "<group>"; };
		43B47189166903B9003EB0DC /* bootstrap-responsive.min.css */ = {isa = PBXFileReference; fileEncoding = 4; lastKnownFileType = text.css; path = "bootstrap-responsive.min.css"; sourceTree = "<group>"; };
		43B4718A166903B9003EB0DC /* bootstrap.css */ = {isa = PBXFileReference; fileEncoding = 4; lastKnownFileType = text.css; path = bootstrap.css; sourceTree = "<group>"; };
		43B4718B166903B9003EB0DC /* bootstrap.min.css */ = {isa = PBXFileReference; fileEncoding = 4; lastKnownFileType = text.css; path = bootstrap.min.css; sourceTree = "<group>"; };
		43B4718D166903B9003EB0DC /* glyphicons-halflings-white.png */ = {isa = PBXFileReference; lastKnownFileType = image.png; path = "glyphicons-halflings-white.png"; sourceTree = "<group>"; };
		43B4718E166903B9003EB0DC /* glyphicons-halflings.png */ = {isa = PBXFileReference; lastKnownFileType = image.png; path = "glyphicons-halflings.png"; sourceTree = "<group>"; };
		43B47190166903B9003EB0DC /* bootstrap.js */ = {isa = PBXFileReference; fileEncoding = 4; lastKnownFileType = sourcecode.javascript; path = bootstrap.js; sourceTree = "<group>"; };
		43B47191166903B9003EB0DC /* bootstrap.min.js */ = {isa = PBXFileReference; fileEncoding = 4; lastKnownFileType = sourcecode.javascript; path = bootstrap.min.js; sourceTree = "<group>"; };
		43B47193166903B9003EB0DC /* base.css */ = {isa = PBXFileReference; fileEncoding = 4; lastKnownFileType = text.css; path = base.css; sourceTree = "<group>"; };
		43B47195166903B9003EB0DC /* bootstrap-responsive.css */ = {isa = PBXFileReference; fileEncoding = 4; lastKnownFileType = text.css; path = "bootstrap-responsive.css"; sourceTree = "<group>"; };
		43B47196166903B9003EB0DC /* bootstrap-responsive.min.css */ = {isa = PBXFileReference; fileEncoding = 4; lastKnownFileType = text.css; path = "bootstrap-responsive.min.css"; sourceTree = "<group>"; };
		43B47197166903B9003EB0DC /* bootstrap.css */ = {isa = PBXFileReference; fileEncoding = 4; lastKnownFileType = text.css; path = bootstrap.css; sourceTree = "<group>"; };
		43B47198166903B9003EB0DC /* bootstrap.min.css */ = {isa = PBXFileReference; fileEncoding = 4; lastKnownFileType = text.css; path = bootstrap.min.css; sourceTree = "<group>"; };
		43B4719B166903B9003EB0DC /* ui-bg_flat_30_cccccc_40x100.png */ = {isa = PBXFileReference; lastKnownFileType = image.png; path = "ui-bg_flat_30_cccccc_40x100.png"; sourceTree = "<group>"; };
		43B4719C166903B9003EB0DC /* ui-bg_flat_50_5c5c5c_40x100.png */ = {isa = PBXFileReference; lastKnownFileType = image.png; path = "ui-bg_flat_50_5c5c5c_40x100.png"; sourceTree = "<group>"; };
		43B4719D166903B9003EB0DC /* ui-bg_glass_20_555555_1x400.png */ = {isa = PBXFileReference; lastKnownFileType = image.png; path = "ui-bg_glass_20_555555_1x400.png"; sourceTree = "<group>"; };
		43B4719E166903B9003EB0DC /* ui-bg_glass_40_0078a3_1x400.png */ = {isa = PBXFileReference; lastKnownFileType = image.png; path = "ui-bg_glass_40_0078a3_1x400.png"; sourceTree = "<group>"; };
		43B4719F166903B9003EB0DC /* ui-bg_glass_40_a83300_1x400.png */ = {isa = PBXFileReference; lastKnownFileType = image.png; path = "ui-bg_glass_40_a83300_1x400.png"; sourceTree = "<group>"; };
		43B471A0166903B9003EB0DC /* ui-bg_gloss-wave_25_333333_500x100.png */ = {isa = PBXFileReference; lastKnownFileType = image.png; path = "ui-bg_gloss-wave_25_333333_500x100.png"; sourceTree = "<group>"; };
		43B471A1166903B9003EB0DC /* ui-bg_highlight-soft_10_2e7db2_1x100.png */ = {isa = PBXFileReference; lastKnownFileType = image.png; path = "ui-bg_highlight-soft_10_2e7db2_1x100.png"; sourceTree = "<group>"; };
		43B471A2166903B9003EB0DC /* ui-bg_inset-soft_25_000000_1x100.png */ = {isa = PBXFileReference; lastKnownFileType = image.png; path = "ui-bg_inset-soft_25_000000_1x100.png"; sourceTree = "<group>"; };
		43B471A3166903B9003EB0DC /* ui-bg_inset-soft_40_0078a3_1x100.png */ = {isa = PBXFileReference; lastKnownFileType = image.png; path = "ui-bg_inset-soft_40_0078a3_1x100.png"; sourceTree = "<group>"; };
		43B471A4166903B9003EB0DC /* ui-icons_222222_256x240.png */ = {isa = PBXFileReference; lastKnownFileType = image.png; path = "ui-icons_222222_256x240.png"; sourceTree = "<group>"; };
		43B471A5166903B9003EB0DC /* ui-icons_cccccc_256x240.png */ = {isa = PBXFileReference; lastKnownFileType = image.png; path = "ui-icons_cccccc_256x240.png"; sourceTree = "<group>"; };
		43B471A6166903B9003EB0DC /* ui-icons_ffb73c_256x240.png */ = {isa = PBXFileReference; lastKnownFileType = image.png; path = "ui-icons_ffb73c_256x240.png"; sourceTree = "<group>"; };
		43B471A7166903B9003EB0DC /* ui-icons_ffffff_256x240.png */ = {isa = PBXFileReference; lastKnownFileType = image.png; path = "ui-icons_ffffff_256x240.png"; sourceTree = "<group>"; };
		43B471A8166903B9003EB0DC /* jquery-ui-1.9.1.css */ = {isa = PBXFileReference; fileEncoding = 4; lastKnownFileType = text.css; path = "jquery-ui-1.9.1.css"; sourceTree = "<group>"; };
		43B471A9166903B9003EB0DC /* jquery-ui-1.9.1.min.css */ = {isa = PBXFileReference; fileEncoding = 4; lastKnownFileType = text.css; path = "jquery-ui-1.9.1.min.css"; sourceTree = "<group>"; };
		43B471AA166903B9003EB0DC /* space_invaders.css */ = {isa = PBXFileReference; fileEncoding = 4; lastKnownFileType = text.css; path = space_invaders.css; sourceTree = "<group>"; };
		43B471AC166903B9003EB0DC /* background-01.png */ = {isa = PBXFileReference; lastKnownFileType = image.png; path = "background-01.png"; sourceTree = "<group>"; };
		43B471AD166903B9003EB0DC /* glyphicons-halflings-white.png */ = {isa = PBXFileReference; lastKnownFileType = image.png; path = "glyphicons-halflings-white.png"; sourceTree = "<group>"; };
		43B471AE166903B9003EB0DC /* glyphicons-halflings.png */ = {isa = PBXFileReference; lastKnownFileType = image.png; path = "glyphicons-halflings.png"; sourceTree = "<group>"; };
		43B471AF166903B9003EB0DC /* invader-01.png */ = {isa = PBXFileReference; lastKnownFileType = image.png; path = "invader-01.png"; sourceTree = "<group>"; };
		43B471B0166903B9003EB0DC /* laser-01.png */ = {isa = PBXFileReference; lastKnownFileType = image.png; path = "laser-01.png"; sourceTree = "<group>"; };
		43B471B1166903B9003EB0DC /* laser-xplode-01.png */ = {isa = PBXFileReference; lastKnownFileType = image.png; path = "laser-xplode-01.png"; sourceTree = "<group>"; };
		43B471B2166903B9003EB0DC /* master.ai */ = {isa = PBXFileReference; fileEncoding = 4; lastKnownFileType = text; path = master.ai; sourceTree = "<group>"; };
		43B471B3166903B9003EB0DC /* missile-01.png */ = {isa = PBXFileReference; lastKnownFileType = image.png; path = "missile-01.png"; sourceTree = "<group>"; };
		43B471B4166903B9003EB0DC /* missile-xplode-01.png */ = {isa = PBXFileReference; lastKnownFileType = image.png; path = "missile-xplode-01.png"; sourceTree = "<group>"; };
		43B471B5166903B9003EB0DC /* shield-01.png */ = {isa = PBXFileReference; lastKnownFileType = image.png; path = "shield-01.png"; sourceTree = "<group>"; };
		43B471B6166903B9003EB0DC /* spaceNico-01.png */ = {isa = PBXFileReference; lastKnownFileType = image.png; path = "spaceNico-01.png"; sourceTree = "<group>"; };
		43B471B7166903B9003EB0DC /* spaceship-01.png */ = {isa = PBXFileReference; lastKnownFileType = image.png; path = "spaceship-01.png"; sourceTree = "<group>"; };
		43B471B8166903B9003EB0DC /* spaceship-hit-01.png */ = {isa = PBXFileReference; lastKnownFileType = image.png; path = "spaceship-hit-01.png"; sourceTree = "<group>"; };
		43B471B9166903B9003EB0DC /* spaceship-left-01.png */ = {isa = PBXFileReference; lastKnownFileType = image.png; path = "spaceship-left-01.png"; sourceTree = "<group>"; };
		43B471BA166903B9003EB0DC /* spaceship-right-01.png */ = {isa = PBXFileReference; lastKnownFileType = image.png; path = "spaceship-right-01.png"; sourceTree = "<group>"; };
		43B471BB166903B9003EB0DC /* speedwedge-01.png */ = {isa = PBXFileReference; lastKnownFileType = image.png; path = "speedwedge-01.png"; sourceTree = "<group>"; };
		43B471BC166903B9003EB0DC /* ui-anim_basic_16x16.gif */ = {isa = PBXFileReference; lastKnownFileType = image.gif; path = "ui-anim_basic_16x16.gif"; sourceTree = "<group>"; };
		43B471BE166903B9003EB0DC /* autocompleteoncombobox.js */ = {isa = PBXFileReference; fileEncoding = 4; lastKnownFileType = sourcecode.javascript; path = autocompleteoncombobox.js; sourceTree = "<group>"; };
		43B471BF166903B9003EB0DC /* bootstrap.js */ = {isa = PBXFileReference; fileEncoding = 4; lastKnownFileType = sourcecode.javascript; path = bootstrap.js; sourceTree = "<group>"; };
		43B471C0166903B9003EB0DC /* bootstrap.min.js */ = {isa = PBXFileReference; fileEncoding = 4; lastKnownFileType = sourcecode.javascript; path = bootstrap.min.js; sourceTree = "<group>"; };
		43B471C1166903B9003EB0DC /* jquery-1.8.2.js */ = {isa = PBXFileReference; fileEncoding = 4; lastKnownFileType = sourcecode.javascript; path = "jquery-1.8.2.js"; sourceTree = "<group>"; };
		43B471C2166903B9003EB0DC /* jquery-1.8.3.min.js */ = {isa = PBXFileReference; fileEncoding = 4; lastKnownFileType = sourcecode.javascript; path = "jquery-1.8.3.min.js"; sourceTree = "<group>"; };
		43B471C3166903B9003EB0DC /* jquery-ui-1.9.1.js */ = {isa = PBXFileReference; fileEncoding = 4; lastKnownFileType = sourcecode.javascript; path = "jquery-ui-1.9.1.js"; sourceTree = "<group>"; };
		43B471C4166903B9003EB0DC /* jquery-ui-1.9.1.min.js */ = {isa = PBXFileReference; fileEncoding = 4; lastKnownFileType = sourcecode.javascript; path = "jquery-ui-1.9.1.min.js"; sourceTree = "<group>"; };
		43B471C5166903B9003EB0DC /* paths.js */ = {isa = PBXFileReference; fileEncoding = 4; lastKnownFileType = sourcecode.javascript; path = paths.js; sourceTree = "<group>"; };
		43B471C6166903B9003EB0DC /* space_invaders.js */ = {isa = PBXFileReference; fileEncoding = 4; lastKnownFileType = sourcecode.javascript; path = space_invaders.js; sourceTree = "<group>"; };
		43B471C7166903B9003EB0DC /* ladder.appcache */ = {isa = PBXFileReference; fileEncoding = 4; lastKnownFileType = text; path = ladder.appcache; sourceTree = "<group>"; };
		43B471CA166903B9003EB0DC /* base.html */ = {isa = PBXFileReference; fileEncoding = 4; lastKnownFileType = text.html; path = base.html; sourceTree = "<group>"; };
		43B471CB166903B9003EB0DC /* create_avatar.html */ = {isa = PBXFileReference; fileEncoding = 4; lastKnownFileType = text.html; path = create_avatar.html; sourceTree = "<group>"; };
		43B471CC166903B9003EB0DC /* index.html */ = {isa = PBXFileReference; fileEncoding = 4; lastKnownFileType = text.html; path = index.html; sourceTree = "<group>"; };
		43B471CD166903B9003EB0DC /* simulation.html */ = {isa = PBXFileReference; fileEncoding = 4; lastKnownFileType = text.html; path = simulation.html; sourceTree = "<group>"; };
		43B471CE166903B9003EB0DC /* tests.py */ = {isa = PBXFileReference; fileEncoding = 4; lastKnownFileType = text.script.python; path = tests.py; sourceTree = "<group>"; };
		43B471CF166903B9003EB0DC /* urls.py */ = {isa = PBXFileReference; fileEncoding = 4; lastKnownFileType = text.script.python; path = urls.py; sourceTree = "<group>"; };
		43B471D0166903B9003EB0DC /* views.py */ = {isa = PBXFileReference; fileEncoding = 4; lastKnownFileType = text.script.python; path = views.py; sourceTree = "<group>"; };
		43B471D1166903B9003EB0DC /* manage.py */ = {isa = PBXFileReference; fileEncoding = 4; lastKnownFileType = text.script.python; path = manage.py; sourceTree = "<group>"; };
		43B471D2166903B9003EB0DC /* Procfile */ = {isa = PBXFileReference; fileEncoding = 4; lastKnownFileType = text; path = Procfile; sourceTree = "<group>"; };
		43B471D3166903B9003EB0DC /* README */ = {isa = PBXFileReference; fileEncoding = 4; lastKnownFileType = text; path = README; sourceTree = "<group>"; };
		43B471D4166903B9003EB0DC /* requirements.txt */ = {isa = PBXFileReference; fileEncoding = 4; lastKnownFileType = text; path = requirements.txt; sourceTree = "<group>"; };
		43FC2FE316A60D5A008EE227 /* next_step.html */ = {isa = PBXFileReference; fileEncoding = 4; lastKnownFileType = text.html; path = next_step.html; sourceTree = "<group>"; };
		5D442F4A16C42B4200021B9F /* bg_item.png */ = {isa = PBXFileReference; lastKnownFileType = image.png; path = bg_item.png; sourceTree = "<group>"; };
		5D442F4B16C42B4200021B9F /* icono-camisa.png */ = {isa = PBXFileReference; lastKnownFileType = image.png; path = "icono-camisa.png"; sourceTree = "<group>"; };
		5D442F4C16C42B4300021B9F /* icono-cascos.png */ = {isa = PBXFileReference; lastKnownFileType = image.png; path = "icono-cascos.png"; sourceTree = "<group>"; };
		5D442F4D16C42B4300021B9F /* icono-cejas.png */ = {isa = PBXFileReference; lastKnownFileType = image.png; path = "icono-cejas.png"; sourceTree = "<group>"; };
		5D442F4E16C42B4300021B9F /* icono-color-pelo.png */ = {isa = PBXFileReference; lastKnownFileType = image.png; path = "icono-color-pelo.png"; sourceTree = "<group>"; };
		5D442F4F16C42B4300021B9F /* icono-color.png */ = {isa = PBXFileReference; lastKnownFileType = image.png; path = "icono-color.png"; sourceTree = "<group>"; };
		5D442F5016C42B4300021B9F /* icono-cuerpo.png */ = {isa = PBXFileReference; lastKnownFileType = image.png; path = "icono-cuerpo.png"; sourceTree = "<group>"; };
		5D442F5116C42B4300021B9F /* icono-facciones.png */ = {isa = PBXFileReference; lastKnownFileType = image.png; path = "icono-facciones.png"; sourceTree = "<group>"; };
		5D442F5216C42B4300021B9F /* icono-ojos.png */ = {isa = PBXFileReference; lastKnownFileType = image.png; path = "icono-ojos.png"; sourceTree = "<group>"; };
		5D442F5316C42B4300021B9F /* icono-pantalones.png */ = {isa = PBXFileReference; lastKnownFileType = image.png; path = "icono-pantalones.png"; sourceTree = "<group>"; };
		5D442F5416C42B4300021B9F /* icono-pelo.png */ = {isa = PBXFileReference; lastKnownFileType = image.png; path = "icono-pelo.png"; sourceTree = "<group>"; };
		5D442F5516C42B4300021B9F /* icono-zapatos.png */ = {isa = PBXFileReference; lastKnownFileType = image.png; path = "icono-zapatos.png"; sourceTree = "<group>"; };
		5D4FD6E916C9572F000F4902 /* jquery.thumbnailScroller.js */ = {isa = PBXFileReference; fileEncoding = 4; lastKnownFileType = sourcecode.javascript; path = jquery.thumbnailScroller.js; sourceTree = "<group>"; };
		5D98267A16D7435F00507521 /* home.html */ = {isa = PBXFileReference; fileEncoding = 4; lastKnownFileType = text.html; path = home.html; sourceTree = "<group>"; };
		5D98267B16D7435F00507521 /* instructions.html */ = {isa = PBXFileReference; fileEncoding = 4; lastKnownFileType = text.html; path = instructions.html; sourceTree = "<group>"; };
		5D98267C16D7435F00507521 /* rutas_de_carrera.html */ = {isa = PBXFileReference; fileEncoding = 4; lastKnownFileType = text.html; path = rutas_de_carrera.html; sourceTree = "<group>"; };
		5D98267D16D746AE00507521 /* bg-list.png */ = {isa = PBXFileReference; lastKnownFileType = image.png; path = "bg-list.png"; sourceTree = "<group>"; };
		5D98267E16D74B7500507521 /* terms_conditions.html */ = {isa = PBXFileReference; fileEncoding = 4; lastKnownFileType = text.html; path = terms_conditions.html; sourceTree = "<group>"; };
		5D98268016D7737800507521 /* rutas_de_carrera_2.html */ = {isa = PBXFileReference; fileEncoding = 4; lastKnownFileType = text.html; path = rutas_de_carrera_2.html; sourceTree = "<group>"; };
		5D98268116D7749800507521 /* no_encuentras_tu_cargo.html */ = {isa = PBXFileReference; fileEncoding = 4; lastKnownFileType = text.html; path = no_encuentras_tu_cargo.html; sourceTree = "<group>"; };
		5D98268216D7754E00507521 /* esquema.png */ = {isa = PBXFileReference; lastKnownFileType = image.png; path = esquema.png; sourceTree = "<group>"; };
		5D98268316D7754E00507521 /* icono-requisito-full.png */ = {isa = PBXFileReference; lastKnownFileType = image.png; path = "icono-requisito-full.png"; sourceTree = "<group>"; };
		5D98268416D7754E00507521 /* icono-requisito.png */ = {isa = PBXFileReference; lastKnownFileType = image.png; path = "icono-requisito.png"; sourceTree = "<group>"; };
		5D98268516D7754E00507521 /* icono-accesorios.png */ = {isa = PBXFileReference; lastKnownFileType = image.png; path = "icono-accesorios.png"; sourceTree = "<group>"; };
		5D98268716D7754E00507521 /* bg_silouette-404.png */ = {isa = PBXFileReference; lastKnownFileType = image.png; path = "bg_silouette-404.png"; sourceTree = "<group>"; };
		5D98268816D7754E00507521 /* bg_silouette-WORLD.png */ = {isa = PBXFileReference; lastKnownFileType = image.png; path = "bg_silouette-WORLD.png"; sourceTree = "<group>"; };
		5D98268916D7754E00507521 /* bg_silouette-FIN.png */ = {isa = PBXFileReference; lastKnownFileType = image.png; path = "bg_silouette-FIN.png"; sourceTree = "<group>"; };
		5D98268A16D7754E00507521 /* avatares-FIN.png */ = {isa = PBXFileReference; lastKnownFileType = image.png; path = "avatares-FIN.png"; sourceTree = "<group>"; };
/* End PBXFileReference section */

/* Begin PBXGroup section */
		431E6F1B16A6FD02004177CC /* imagenes */ = {
			isa = PBXGroup;
			children = (
				5D98268216D7754E00507521 /* esquema.png */,
				5D98268316D7754E00507521 /* icono-requisito-full.png */,
				5D98268416D7754E00507521 /* icono-requisito.png */,
				5D98268516D7754E00507521 /* icono-accesorios.png */,
				5D98268716D7754E00507521 /* bg_silouette-404.png */,
				5D98268816D7754E00507521 /* bg_silouette-WORLD.png */,
				5D98268916D7754E00507521 /* bg_silouette-FIN.png */,
				5D98268A16D7754E00507521 /* avatares-FIN.png */,
				5D98267D16D746AE00507521 /* bg-list.png */,
				5D442F4A16C42B4200021B9F /* bg_item.png */,
				5D442F4B16C42B4200021B9F /* icono-camisa.png */,
				5D442F4C16C42B4300021B9F /* icono-cascos.png */,
				5D442F4D16C42B4300021B9F /* icono-cejas.png */,
				5D442F4E16C42B4300021B9F /* icono-color-pelo.png */,
				5D442F4F16C42B4300021B9F /* icono-color.png */,
				5D442F5016C42B4300021B9F /* icono-cuerpo.png */,
				5D442F5116C42B4300021B9F /* icono-facciones.png */,
				5D442F5216C42B4300021B9F /* icono-ojos.png */,
				5D442F5316C42B4300021B9F /* icono-pantalones.png */,
				5D442F5416C42B4300021B9F /* icono-pelo.png */,
				5D442F5516C42B4300021B9F /* icono-zapatos.png */,
				431E6F1C16A6FD02004177CC /* avatares-INTRO.png */,
				431E6F1D16A6FD02004177CC /* background.gif */,
				431E6F1E16A6FD02004177CC /* bg_silouette-01CAMP.png */,
				431E6F1F16A6FD02004177CC /* bg_silouette-02LAB.png */,
				431E6F2016A6FD02004177CC /* logo_Pacific.png */,
				431E6F2116A6FD02004177CC /* PREicon.ico */,
				431E6F2216A6FD02004177CC /* PREicon.jpg */,
			);
			path = imagenes;
			sourceTree = "<group>";
		};
		43B471671669026C003EB0DC = {
			isa = PBXGroup;
			children = (
				43B47174166903B9003EB0DC /* IDE_setup_scripts */,
				43B4717A166903B9003EB0DC /* jobladder */,
				43B47180166903B9003EB0DC /* ladder */,
				43B471D1166903B9003EB0DC /* manage.py */,
				43B471D2166903B9003EB0DC /* Procfile */,
				43B471D3166903B9003EB0DC /* README */,
				43B471D4166903B9003EB0DC /* requirements.txt */,
			);
			sourceTree = "<group>";
		};
		43B47174166903B9003EB0DC /* IDE_setup_scripts */ = {
			isa = PBXGroup;
			children = (
				4322A172169F4A3900CDA646 /* create_backup_on_sandbox.sh */,
				4322A173169F4A3900CDA646 /* fetch_sandobx_db.sh */,
				4322A175169F4A3900CDA646 /* run_django_on_sandbox.sh */,
				43B47175166903B9003EB0DC /* 01_setup_heroku.sh */,
				43B47176166903B9003EB0DC /* 02_fix_local_keys.sh */,
				43B47177166903B9003EB0DC /* 03_fix_heroku_aws_keyx.sh */,
				43B47178166903B9003EB0DC /* download_and_restore_heroku_backup.sh */,
				43B47179166903B9003EB0DC /* setup_heroku_backups.sh */,
			);
			path = IDE_setup_scripts;
			sourceTree = "<group>";
		};
		43B4717A166903B9003EB0DC /* jobladder */ = {
			isa = PBXGroup;
			children = (
				43B4717B166903B9003EB0DC /* __init__.py */,
				43B4717C166903B9003EB0DC /* settings.py */,
				43B4717D166903B9003EB0DC /* static */,
				43B4717E166903B9003EB0DC /* urls.py */,
				43B4717F166903B9003EB0DC /* wsgi.py */,
			);
			path = jobladder;
			sourceTree = "<group>";
		};
		43B4717D166903B9003EB0DC /* static */ = {
			isa = PBXGroup;
			children = (
			);
			path = static;
			sourceTree = "<group>";
		};
		43B47180166903B9003EB0DC /* ladder */ = {
			isa = PBXGroup;
			children = (
				43B47181166903B9003EB0DC /* __init__.py */,
				43B47182166903B9003EB0DC /* admin.py */,
				43B47183166903B9003EB0DC /* models.py */,
				43B47184166903B9003EB0DC /* static */,
				43B471C8166903B9003EB0DC /* templates */,
				43B471CE166903B9003EB0DC /* tests.py */,
				43B471CF166903B9003EB0DC /* urls.py */,
				43B471D0166903B9003EB0DC /* views.py */,
			);
			path = ladder;
			sourceTree = "<group>";
		};
		43B47184166903B9003EB0DC /* static */ = {
			isa = PBXGroup;
			children = (
				43B47185166903B9003EB0DC /* ladder */,
			);
			path = static;
			sourceTree = "<group>";
		};
		43B47185166903B9003EB0DC /* ladder */ = {
			isa = PBXGroup;
			children = (
				43B47186166903B9003EB0DC /* bootstrap */,
				43B47192166903B9003EB0DC /* css */,
				43B471AB166903B9003EB0DC /* images */,
				43B471BD166903B9003EB0DC /* javascript */,
				43B471C7166903B9003EB0DC /* ladder.appcache */,
			);
			path = ladder;
			sourceTree = "<group>";
		};
		43B47186166903B9003EB0DC /* bootstrap */ = {
			isa = PBXGroup;
			children = (
				43B47187166903B9003EB0DC /* css */,
				43B4718C166903B9003EB0DC /* img */,
				43B4718F166903B9003EB0DC /* js */,
			);
			path = bootstrap;
			sourceTree = "<group>";
		};
		43B47187166903B9003EB0DC /* css */ = {
			isa = PBXGroup;
			children = (
				43B47188166903B9003EB0DC /* bootstrap-responsive.css */,
				43B47189166903B9003EB0DC /* bootstrap-responsive.min.css */,
				43B4718A166903B9003EB0DC /* bootstrap.css */,
				43B4718B166903B9003EB0DC /* bootstrap.min.css */,
			);
			path = css;
			sourceTree = "<group>";
		};
		43B4718C166903B9003EB0DC /* img */ = {
			isa = PBXGroup;
			children = (
				43B4718D166903B9003EB0DC /* glyphicons-halflings-white.png */,
				43B4718E166903B9003EB0DC /* glyphicons-halflings.png */,
			);
			path = img;
			sourceTree = "<group>";
		};
		43B4718F166903B9003EB0DC /* js */ = {
			isa = PBXGroup;
			children = (
				43B47190166903B9003EB0DC /* bootstrap.js */,
				43B47191166903B9003EB0DC /* bootstrap.min.js */,
			);
			path = js;
			sourceTree = "<group>";
		};
		43B47192166903B9003EB0DC /* css */ = {
			isa = PBXGroup;
			children = (
				431E6F1616A6EACD004177CC /* thesans_plain-webfont.eot */,
				431E6F1716A6EACD004177CC /* thesans_plain-webfont.svg */,
				431E6F1816A6EACD004177CC /* thesans_plain-webfont.ttf */,
				431E6F1916A6EACD004177CC /* thesans_plain-webfont.woff */,
				43B47193166903B9003EB0DC /* base.css */,
				43B47194166903B9003EB0DC /* bootstrap */,
				43B47199166903B9003EB0DC /* jqueryui */,
				43B471AA166903B9003EB0DC /* space_invaders.css */,
			);
			path = css;
			sourceTree = "<group>";
		};
		43B47194166903B9003EB0DC /* bootstrap */ = {
			isa = PBXGroup;
			children = (
				43B47195166903B9003EB0DC /* bootstrap-responsive.css */,
				43B47196166903B9003EB0DC /* bootstrap-responsive.min.css */,
				43B47197166903B9003EB0DC /* bootstrap.css */,
				43B47198166903B9003EB0DC /* bootstrap.min.css */,
			);
			path = bootstrap;
			sourceTree = "<group>";
		};
		43B47199166903B9003EB0DC /* jqueryui */ = {
			isa = PBXGroup;
			children = (
				43B4719A166903B9003EB0DC /* images */,
				43B471A8166903B9003EB0DC /* jquery-ui-1.9.1.css */,
				43B471A9166903B9003EB0DC /* jquery-ui-1.9.1.min.css */,
			);
			path = jqueryui;
			sourceTree = "<group>";
		};
		43B4719A166903B9003EB0DC /* images */ = {
			isa = PBXGroup;
			children = (
				43B4719B166903B9003EB0DC /* ui-bg_flat_30_cccccc_40x100.png */,
				43B4719C166903B9003EB0DC /* ui-bg_flat_50_5c5c5c_40x100.png */,
				43B4719D166903B9003EB0DC /* ui-bg_glass_20_555555_1x400.png */,
				43B4719E166903B9003EB0DC /* ui-bg_glass_40_0078a3_1x400.png */,
				43B4719F166903B9003EB0DC /* ui-bg_glass_40_a83300_1x400.png */,
				43B471A0166903B9003EB0DC /* ui-bg_gloss-wave_25_333333_500x100.png */,
				43B471A1166903B9003EB0DC /* ui-bg_highlight-soft_10_2e7db2_1x100.png */,
				43B471A2166903B9003EB0DC /* ui-bg_inset-soft_25_000000_1x100.png */,
				43B471A3166903B9003EB0DC /* ui-bg_inset-soft_40_0078a3_1x100.png */,
				43B471A4166903B9003EB0DC /* ui-icons_222222_256x240.png */,
				43B471A5166903B9003EB0DC /* ui-icons_cccccc_256x240.png */,
				43B471A6166903B9003EB0DC /* ui-icons_ffb73c_256x240.png */,
				43B471A7166903B9003EB0DC /* ui-icons_ffffff_256x240.png */,
			);
			path = images;
			sourceTree = "<group>";
		};
		43B471AB166903B9003EB0DC /* images */ = {
			isa = PBXGroup;
			children = (
				431E6F1B16A6FD02004177CC /* imagenes */,
				43B471AC166903B9003EB0DC /* background-01.png */,
				43B471AD166903B9003EB0DC /* glyphicons-halflings-white.png */,
				43B471AE166903B9003EB0DC /* glyphicons-halflings.png */,
				43B471AF166903B9003EB0DC /* invader-01.png */,
				43B471B0166903B9003EB0DC /* laser-01.png */,
				43B471B1166903B9003EB0DC /* laser-xplode-01.png */,
				43B471B2166903B9003EB0DC /* master.ai */,
				43B471B3166903B9003EB0DC /* missile-01.png */,
				43B471B4166903B9003EB0DC /* missile-xplode-01.png */,
				43B471B5166903B9003EB0DC /* shield-01.png */,
				43B471B6166903B9003EB0DC /* spaceNico-01.png */,
				43B471B7166903B9003EB0DC /* spaceship-01.png */,
				43B471B8166903B9003EB0DC /* spaceship-hit-01.png */,
				43B471B9166903B9003EB0DC /* spaceship-left-01.png */,
				43B471BA166903B9003EB0DC /* spaceship-right-01.png */,
				43B471BB166903B9003EB0DC /* speedwedge-01.png */,
				43B471BC166903B9003EB0DC /* ui-anim_basic_16x16.gif */,
			);
			path = images;
			sourceTree = "<group>";
		};
		43B471BD166903B9003EB0DC /* javascript */ = {
			isa = PBXGroup;
			children = (
				435B443A16D3C94900C8AAD1 /* timeline.js */,
				5D4FD6E916C9572F000F4902 /* jquery.thumbnailScroller.js */,
				43B471BE166903B9003EB0DC /* autocompleteoncombobox.js */,
				43B471BF166903B9003EB0DC /* bootstrap.js */,
				43B471C0166903B9003EB0DC /* bootstrap.min.js */,
				43B471C1166903B9003EB0DC /* jquery-1.8.2.js */,
				43B471C2166903B9003EB0DC /* jquery-1.8.3.min.js */,
				43B471C3166903B9003EB0DC /* jquery-ui-1.9.1.js */,
				43B471C4166903B9003EB0DC /* jquery-ui-1.9.1.min.js */,
				43B471C5166903B9003EB0DC /* paths.js */,
				43B471C6166903B9003EB0DC /* space_invaders.js */,
				433BADB2169CD0560083E268 /* scrollableslider.js */,
			);
			path = javascript;
			sourceTree = "<group>";
		};
		43B471C8166903B9003EB0DC /* templates */ = {
			isa = PBXGroup;
			children = (
				43B471C9166903B9003EB0DC /* ladder */,
			);
			path = templates;
			sourceTree = "<group>";
		};
		43B471C9166903B9003EB0DC /* ladder */ = {
			isa = PBXGroup;
			children = (
				43FC2FE316A60D5A008EE227 /* next_step.html */,
				43B471CA166903B9003EB0DC /* base.html */,
				43B471CB166903B9003EB0DC /* create_avatar.html */,
				43B471CC166903B9003EB0DC /* index.html */,
				43B471CD166903B9003EB0DC /* simulation.html */,
				5D98267A16D7435F00507521 /* home.html */,
				5D98267E16D74B7500507521 /* terms_conditions.html */,
				5D98267B16D7435F00507521 /* instructions.html */,
				5D98267C16D7435F00507521 /* rutas_de_carrera.html */,
				5D98268116D7749800507521 /* no_encuentras_tu_cargo.html */,
				5D98268016D7737800507521 /* rutas_de_carrera_2.html */,
			);
			path = ladder;
			sourceTree = "<group>";
		};
/* End PBXGroup section */

/* Begin PBXLegacyTarget section */
		43B4716E1669026C003EB0DC /* jobladder */ = {
			isa = PBXLegacyTarget;
			buildArgumentsString = "$(ACTION)";
			buildConfigurationList = 43B471711669026C003EB0DC /* Build configuration list for PBXLegacyTarget "jobladder" */;
			buildPhases = (
			);
			buildToolPath = /usr/bin/python;
			dependencies = (
			);
			name = jobladder;
			passBuildSettingsInEnvironment = 1;
			productName = jobladder;
		};
/* End PBXLegacyTarget section */

/* Begin PBXProject section */
		43B471691669026C003EB0DC /* Project object */ = {
			isa = PBXProject;
			attributes = {
				LastUpgradeCheck = 0450;
				ORGANIZATIONNAME = "Nicolas Diaz Aragon";
			};
			buildConfigurationList = 43B4716C1669026C003EB0DC /* Build configuration list for PBXProject "jobladder" */;
			compatibilityVersion = "Xcode 3.2";
			developmentRegion = English;
			hasScannedForEncodings = 0;
			knownRegions = (
				en,
			);
			mainGroup = 43B471671669026C003EB0DC;
			projectDirPath = "";
			projectRoot = "";
			targets = (
				43B4716E1669026C003EB0DC /* jobladder */,
			);
		};
/* End PBXProject section */

/* Begin XCBuildConfiguration section */
		43B4716F1669026C003EB0DC /* Debug */ = {
			isa = XCBuildConfiguration;
			buildSettings = {
				ALWAYS_SEARCH_USER_PATHS = NO;
				ARCHS = "$(ARCHS_STANDARD_64_BIT)";
				CLANG_CXX_LANGUAGE_STANDARD = "gnu++0x";
				CLANG_WARN__DUPLICATE_METHOD_MATCH = YES;
				COPY_PHASE_STRIP = NO;
				GCC_C_LANGUAGE_STANDARD = gnu99;
				GCC_DYNAMIC_NO_PIC = NO;
				GCC_ENABLE_OBJC_EXCEPTIONS = YES;
				GCC_OPTIMIZATION_LEVEL = 0;
				GCC_PREPROCESSOR_DEFINITIONS = (
					"DEBUG=1",
					"$(inherited)",
				);
				GCC_SYMBOLS_PRIVATE_EXTERN = NO;
				GCC_WARN_64_TO_32_BIT_CONVERSION = YES;
				GCC_WARN_ABOUT_RETURN_TYPE = YES;
				GCC_WARN_UNINITIALIZED_AUTOS = YES;
				GCC_WARN_UNUSED_VARIABLE = YES;
				MACOSX_DEPLOYMENT_TARGET = 10.8;
				ONLY_ACTIVE_ARCH = YES;
				SDKROOT = macosx;
			};
			name = Debug;
		};
		43B471701669026C003EB0DC /* Release */ = {
			isa = XCBuildConfiguration;
			buildSettings = {
				ALWAYS_SEARCH_USER_PATHS = NO;
				ARCHS = "$(ARCHS_STANDARD_64_BIT)";
				CLANG_CXX_LANGUAGE_STANDARD = "gnu++0x";
				CLANG_WARN__DUPLICATE_METHOD_MATCH = YES;
				COPY_PHASE_STRIP = YES;
				DEBUG_INFORMATION_FORMAT = "dwarf-with-dsym";
				GCC_C_LANGUAGE_STANDARD = gnu99;
				GCC_ENABLE_OBJC_EXCEPTIONS = YES;
				GCC_WARN_64_TO_32_BIT_CONVERSION = YES;
				GCC_WARN_ABOUT_RETURN_TYPE = YES;
				GCC_WARN_UNINITIALIZED_AUTOS = YES;
				GCC_WARN_UNUSED_VARIABLE = YES;
				MACOSX_DEPLOYMENT_TARGET = 10.8;
				SDKROOT = macosx;
			};
			name = Release;
		};
		43B471721669026C003EB0DC /* Debug */ = {
			isa = XCBuildConfiguration;
			buildSettings = {
				COMBINE_HIDPI_IMAGES = YES;
				DEBUGGING_SYMBOLS = YES;
				GCC_GENERATE_DEBUGGING_SYMBOLS = YES;
				GCC_OPTIMIZATION_LEVEL = 0;
				OTHER_CFLAGS = "";
				OTHER_LDFLAGS = "";
				PRODUCT_NAME = "$(TARGET_NAME)";
			};
			name = Debug;
		};
		43B471731669026C003EB0DC /* Release */ = {
			isa = XCBuildConfiguration;
			buildSettings = {
				COMBINE_HIDPI_IMAGES = YES;
				OTHER_CFLAGS = "";
				OTHER_LDFLAGS = "";
				PRODUCT_NAME = "$(TARGET_NAME)";
			};
			name = Release;
		};
/* End XCBuildConfiguration section */

/* Begin XCConfigurationList section */
		43B4716C1669026C003EB0DC /* Build configuration list for PBXProject "jobladder" */ = {
			isa = XCConfigurationList;
			buildConfigurations = (
				43B4716F1669026C003EB0DC /* Debug */,
				43B471701669026C003EB0DC /* Release */,
			);
			defaultConfigurationIsVisible = 0;
			defaultConfigurationName = Release;
		};
		43B471711669026C003EB0DC /* Build configuration list for PBXLegacyTarget "jobladder" */ = {
			isa = XCConfigurationList;
			buildConfigurations = (
				43B471721669026C003EB0DC /* Debug */,
				43B471731669026C003EB0DC /* Release */,
			);
			defaultConfigurationIsVisible = 0;
			defaultConfigurationName = Release;
		};
/* End XCConfigurationList section */
	};
	rootObject = 43B471691669026C003EB0DC /* Project object */;
}
